
Microsoft Visual Studio Solution File, Format Version 12.00
# Visual Studio Version 16
VisualStudioVersion = 16.0.32002.261
MinimumVisualStudioVersion = 10.0.40219.1
Project("{9A19103F-16F7-4668-BE54-9A1E7A4F7556}") = "Chronometer", "Test.App\Chronometer.csproj", "{BF978DA0-8194-4ADD-9C43-8B23494AEEDD}"
EndProject
Project("{9A19103F-16F7-4668-BE54-9A1E7A4F7556}") = "StopWatch", "StopWatch\StopWatch.csproj", "{1422379B-2D28-4B29-809C-449C57A01834}"
EndProject
Global
	GlobalSection(SolutionConfigurationPlatforms) = preSolution
		Debug|Any CPU = Debug|Any CPU
		Release|Any CPU = Release|Any CPU
	EndGlobalSection
	GlobalSection(ProjectConfigurationPlatforms) = postSolution
		{BF978DA0-8194-4ADD-9C43-8B23494AEEDD}.Debug|Any CPU.ActiveCfg = Debug|Any CPU
		{BF978DA0-8194-4ADD-9C43-8B23494AEEDD}.Debug|Any CPU.Build.0 = Debug|Any CPU
		{BF978DA0-8194-4ADD-9C43-8B23494AEEDD}.Release|Any CPU.ActiveCfg = Release|Any CPU
		{BF978DA0-8194-4ADD-9C43-8B23494AEEDD}.Release|Any CPU.Build.0 = Release|Any CPU
		{1422379B-2D28-4B29-809C-449C57A01834}.Debug|Any CPU.ActiveCfg = Debug|Any CPU
		{1422379B-2D28-4B29-809C-449C57A01834}.Debug|Any CPU.Build.0 = Debug|Any CPU
		{1422379B-2D28-4B29-809C-449C57A01834}.Release|Any CPU.ActiveCfg = Release|Any CPU
		{1422379B-2D28-4B29-809C-449C57A01834}.Release|Any CPU.Build.0 = Release|Any CPU
	EndGlobalSection
	GlobalSection(SolutionProperties) = preSolution
		HideSolutionNode = FALSE
	EndGlobalSection
	GlobalSection(ExtensibilityGlobals) = postSolution
		SolutionGuid = {A245C44E-2EAC-49F1-BB20-2BB3FDE4EFFF}
	EndGlobalSection
EndGlobal
